// !$*UTF8*$!
{
	archiveVersion = 1;
	classes = {
	};
	objectVersion = 56;
	objects = {

/* Begin PBXBuildFile section */
		323BFBD0298B107700E9AE20 /* AppDelegate.swift in Sources */ = {isa = PBXBuildFile; fileRef = 323BFBCF298B107700E9AE20 /* AppDelegate.swift */; };
		323BFBD2298B107700E9AE20 /* SceneDelegate.swift in Sources */ = {isa = PBXBuildFile; fileRef = 323BFBD1298B107700E9AE20 /* SceneDelegate.swift */; };
		323BFBDA298B107700E9AE20 /* RSSReader.xcdatamodeld in Sources */ = {isa = PBXBuildFile; fileRef = 323BFBD8298B107700E9AE20 /* RSSReader.xcdatamodeld */; };
		323BFBDC298B107800E9AE20 /* Assets.xcassets in Resources */ = {isa = PBXBuildFile; fileRef = 323BFBDB298B107800E9AE20 /* Assets.xcassets */; };
		323BFBDF298B107800E9AE20 /* LaunchScreen.storyboard in Resources */ = {isa = PBXBuildFile; fileRef = 323BFBDD298B107800E9AE20 /* LaunchScreen.storyboard */; };
		323BFBE8298B10A900E9AE20 /* SnapKit in Frameworks */ = {isa = PBXBuildFile; productRef = 323BFBE7298B10A900E9AE20 /* SnapKit */; };
		323BFBEE298B10D800E9AE20 /* RxGesture in Frameworks */ = {isa = PBXBuildFile; productRef = 323BFBED298B10D800E9AE20 /* RxGesture */; };
		323BFBF1298B161600E9AE20 /* BaseViewController.swift in Sources */ = {isa = PBXBuildFile; fileRef = 323BFBF0298B161600E9AE20 /* BaseViewController.swift */; };
		323BFBF3298B163300E9AE20 /* DisposableController.swift in Sources */ = {isa = PBXBuildFile; fileRef = 323BFBF2298B163300E9AE20 /* DisposableController.swift */; };
		323BFBF5298B164B00E9AE20 /* BaseView.swift in Sources */ = {isa = PBXBuildFile; fileRef = 323BFBF4298B164B00E9AE20 /* BaseView.swift */; };
		323BFBF8298B16A900E9AE20 /* RxSwift+Extensions.swift in Sources */ = {isa = PBXBuildFile; fileRef = 323BFBF7298B16A900E9AE20 /* RxSwift+Extensions.swift */; };
		323BFBFB298B18E300E9AE20 /* NewsListViewController.swift in Sources */ = {isa = PBXBuildFile; fileRef = 323BFBFA298B18E300E9AE20 /* NewsListViewController.swift */; };
		323BFBFE298B28C300E9AE20 /* Kingfisher in Frameworks */ = {isa = PBXBuildFile; productRef = 323BFBFD298B28C300E9AE20 /* Kingfisher */; };
		323BFC01298B2C9700E9AE20 /* NewsListCell.swift in Sources */ = {isa = PBXBuildFile; fileRef = 323BFC00298B2C9700E9AE20 /* NewsListCell.swift */; };
		323BFC03298B2CE800E9AE20 /* BaseCollectionCell.swift in Sources */ = {isa = PBXBuildFile; fileRef = 323BFC02298B2CE800E9AE20 /* BaseCollectionCell.swift */; };
		323BFC05298B2D3400E9AE20 /* Model.swift in Sources */ = {isa = PBXBuildFile; fileRef = 323BFC04298B2D3400E9AE20 /* Model.swift */; };
		323BFC07298B2ED100E9AE20 /* NewsListCellModel.swift in Sources */ = {isa = PBXBuildFile; fileRef = 323BFC06298B2ED100E9AE20 /* NewsListCellModel.swift */; };
		323BFC0A298B38EC00E9AE20 /* RxCocoa in Frameworks */ = {isa = PBXBuildFile; productRef = 323BFC09298B38EC00E9AE20 /* RxCocoa */; };
		323BFC0C298B38EC00E9AE20 /* RxSwift in Frameworks */ = {isa = PBXBuildFile; productRef = 323BFC0B298B38EC00E9AE20 /* RxSwift */; };
		323BFC0E298B3E8D00E9AE20 /* ShadowView.swift in Sources */ = {isa = PBXBuildFile; fileRef = 323BFC0D298B3E8D00E9AE20 /* ShadowView.swift */; };
		323BFC10298B425E00E9AE20 /* UIFont+Extensions.swift in Sources */ = {isa = PBXBuildFile; fileRef = 323BFC0F298B425E00E9AE20 /* UIFont+Extensions.swift */; };
		323BFC35298C68B200E9AE20 /* NewsScreenViewController.swift in Sources */ = {isa = PBXBuildFile; fileRef = 323BFC34298C68B200E9AE20 /* NewsScreenViewController.swift */; };
/* End PBXBuildFile section */

/* Begin PBXFileReference section */
		323BFBCC298B107700E9AE20 /* RSSReader.app */ = {isa = PBXFileReference; explicitFileType = wrapper.application; includeInIndex = 0; path = RSSReader.app; sourceTree = BUILT_PRODUCTS_DIR; };
		323BFBCF298B107700E9AE20 /* AppDelegate.swift */ = {isa = PBXFileReference; lastKnownFileType = sourcecode.swift; path = AppDelegate.swift; sourceTree = "<group>"; };
		323BFBD1298B107700E9AE20 /* SceneDelegate.swift */ = {isa = PBXFileReference; lastKnownFileType = sourcecode.swift; path = SceneDelegate.swift; sourceTree = "<group>"; };
		323BFBD9298B107700E9AE20 /* RSSReader.xcdatamodel */ = {isa = PBXFileReference; lastKnownFileType = wrapper.xcdatamodel; path = RSSReader.xcdatamodel; sourceTree = "<group>"; };
		323BFBDB298B107800E9AE20 /* Assets.xcassets */ = {isa = PBXFileReference; lastKnownFileType = folder.assetcatalog; path = Assets.xcassets; sourceTree = "<group>"; };
		323BFBDE298B107800E9AE20 /* Base */ = {isa = PBXFileReference; lastKnownFileType = file.storyboard; name = Base; path = Base.lproj/LaunchScreen.storyboard; sourceTree = "<group>"; };
		323BFBE0298B107800E9AE20 /* Info.plist */ = {isa = PBXFileReference; lastKnownFileType = text.plist.xml; path = Info.plist; sourceTree = "<group>"; };
		323BFBF0298B161600E9AE20 /* BaseViewController.swift */ = {isa = PBXFileReference; lastKnownFileType = sourcecode.swift; path = BaseViewController.swift; sourceTree = "<group>"; };
		323BFBF2298B163300E9AE20 /* DisposableController.swift */ = {isa = PBXFileReference; lastKnownFileType = sourcecode.swift; path = DisposableController.swift; sourceTree = "<group>"; };
		323BFBF4298B164B00E9AE20 /* BaseView.swift */ = {isa = PBXFileReference; lastKnownFileType = sourcecode.swift; path = BaseView.swift; sourceTree = "<group>"; };
		323BFBF7298B16A900E9AE20 /* RxSwift+Extensions.swift */ = {isa = PBXFileReference; lastKnownFileType = sourcecode.swift; path = "RxSwift+Extensions.swift"; sourceTree = "<group>"; };
		323BFBFA298B18E300E9AE20 /* NewsListViewController.swift */ = {isa = PBXFileReference; lastKnownFileType = sourcecode.swift; path = NewsListViewController.swift; sourceTree = "<group>"; };
		323BFC00298B2C9700E9AE20 /* NewsListCell.swift */ = {isa = PBXFileReference; lastKnownFileType = sourcecode.swift; path = NewsListCell.swift; sourceTree = "<group>"; };
		323BFC02298B2CE800E9AE20 /* BaseCollectionCell.swift */ = {isa = PBXFileReference; lastKnownFileType = sourcecode.swift; path = BaseCollectionCell.swift; sourceTree = "<group>"; };
		323BFC04298B2D3400E9AE20 /* Model.swift */ = {isa = PBXFileReference; lastKnownFileType = sourcecode.swift; path = Model.swift; sourceTree = "<group>"; };
		323BFC06298B2ED100E9AE20 /* NewsListCellModel.swift */ = {isa = PBXFileReference; lastKnownFileType = sourcecode.swift; path = NewsListCellModel.swift; sourceTree = "<group>"; };
		323BFC0D298B3E8D00E9AE20 /* ShadowView.swift */ = {isa = PBXFileReference; lastKnownFileType = sourcecode.swift; path = ShadowView.swift; sourceTree = "<group>"; };
		323BFC0F298B425E00E9AE20 /* UIFont+Extensions.swift */ = {isa = PBXFileReference; lastKnownFileType = sourcecode.swift; path = "UIFont+Extensions.swift"; sourceTree = "<group>"; };
		323BFC34298C68B200E9AE20 /* NewsScreenViewController.swift */ = {isa = PBXFileReference; lastKnownFileType = sourcecode.swift; path = NewsScreenViewController.swift; sourceTree = "<group>"; };
/* End PBXFileReference section */

/* Begin PBXFrameworksBuildPhase section */
		323BFBC9298B107700E9AE20 /* Frameworks */ = {
			isa = PBXFrameworksBuildPhase;
			buildActionMask = 2147483647;
			files = (
				323BFBFE298B28C300E9AE20 /* Kingfisher in Frameworks */,
				323BFBEE298B10D800E9AE20 /* RxGesture in Frameworks */,
				323BFC0C298B38EC00E9AE20 /* RxSwift in Frameworks */,
				323BFC0A298B38EC00E9AE20 /* RxCocoa in Frameworks */,
				323BFBE8298B10A900E9AE20 /* SnapKit in Frameworks */,
			);
			runOnlyForDeploymentPostprocessing = 0;
		};
/* End PBXFrameworksBuildPhase section */

/* Begin PBXGroup section */
		323BFBC3298B107700E9AE20 = {
			isa = PBXGroup;
			children = (
				323BFBCE298B107700E9AE20 /* RSSReader */,
				323BFBCD298B107700E9AE20 /* Products */,
			);
			sourceTree = "<group>";
		};
		323BFBCD298B107700E9AE20 /* Products */ = {
			isa = PBXGroup;
			children = (
				323BFBCC298B107700E9AE20 /* RSSReader.app */,
			);
			name = Products;
			sourceTree = "<group>";
		};
		323BFBCE298B107700E9AE20 /* RSSReader */ = {
			isa = PBXGroup;
			children = (
				323BFBF6298B168B00E9AE20 /* Extensions */,
				323BFBEF298B15F500E9AE20 /* Base */,
				323BFBF9298B18B700E9AE20 /* Screens */,
				323BFBFF298B2C8300E9AE20 /* Controls */,
				323BFBCF298B107700E9AE20 /* AppDelegate.swift */,
				323BFBD1298B107700E9AE20 /* SceneDelegate.swift */,
				323BFBDB298B107800E9AE20 /* Assets.xcassets */,
				323BFBDD298B107800E9AE20 /* LaunchScreen.storyboard */,
				323BFBE0298B107800E9AE20 /* Info.plist */,
				323BFBD8298B107700E9AE20 /* RSSReader.xcdatamodeld */,
			);
			path = RSSReader;
			sourceTree = "<group>";
		};
		323BFBEF298B15F500E9AE20 /* Base */ = {
			isa = PBXGroup;
			children = (
				323BFBF0298B161600E9AE20 /* BaseViewController.swift */,
				323BFBF2298B163300E9AE20 /* DisposableController.swift */,
				323BFBF4298B164B00E9AE20 /* BaseView.swift */,
				323BFC02298B2CE800E9AE20 /* BaseCollectionCell.swift */,
				323BFC04298B2D3400E9AE20 /* Model.swift */,
			);
			path = Base;
			sourceTree = "<group>";
		};
		323BFBF6298B168B00E9AE20 /* Extensions */ = {
			isa = PBXGroup;
			children = (
				323BFBF7298B16A900E9AE20 /* RxSwift+Extensions.swift */,
				323BFC0F298B425E00E9AE20 /* UIFont+Extensions.swift */,
			);
			path = Extensions;
			sourceTree = "<group>";
		};
		323BFBF9298B18B700E9AE20 /* Screens */ = {
			isa = PBXGroup;
			children = (
				323BFBFA298B18E300E9AE20 /* NewsListViewController.swift */,
				323BFC34298C68B200E9AE20 /* NewsScreenViewController.swift */,
			);
			path = Screens;
			sourceTree = "<group>";
		};
		323BFBFF298B2C8300E9AE20 /* Controls */ = {
			isa = PBXGroup;
			children = (
				323BFC00298B2C9700E9AE20 /* NewsListCell.swift */,
				323BFC06298B2ED100E9AE20 /* NewsListCellModel.swift */,
				323BFC0D298B3E8D00E9AE20 /* ShadowView.swift */,
			);
			path = Controls;
			sourceTree = "<group>";
		};
/* End PBXGroup section */

/* Begin PBXNativeTarget section */
		323BFBCB298B107700E9AE20 /* RSSReader */ = {
			isa = PBXNativeTarget;
			buildConfigurationList = 323BFBE3298B107800E9AE20 /* Build configuration list for PBXNativeTarget "RSSReader" */;
			buildPhases = (
				323BFBC8298B107700E9AE20 /* Sources */,
				323BFBC9298B107700E9AE20 /* Frameworks */,
				323BFBCA298B107700E9AE20 /* Resources */,
			);
			buildRules = (
			);
			dependencies = (
			);
			name = RSSReader;
			packageProductDependencies = (
				323BFBE7298B10A900E9AE20 /* SnapKit */,
				323BFBED298B10D800E9AE20 /* RxGesture */,
				323BFBFD298B28C300E9AE20 /* Kingfisher */,
				323BFC09298B38EC00E9AE20 /* RxCocoa */,
				323BFC0B298B38EC00E9AE20 /* RxSwift */,
			);
			productName = RSSReader;
			productReference = 323BFBCC298B107700E9AE20 /* RSSReader.app */;
			productType = "com.apple.product-type.application";
		};
/* End PBXNativeTarget section */

/* Begin PBXProject section */
		323BFBC4298B107700E9AE20 /* Project object */ = {
			isa = PBXProject;
			attributes = {
				BuildIndependentTargetsInParallel = 1;
				LastSwiftUpdateCheck = 1410;
				LastUpgradeCheck = 1410;
				TargetAttributes = {
					323BFBCB298B107700E9AE20 = {
						CreatedOnToolsVersion = 14.1;
					};
				};
			};
			buildConfigurationList = 323BFBC7298B107700E9AE20 /* Build configuration list for PBXProject "RSSReader" */;
			compatibilityVersion = "Xcode 14.0";
			developmentRegion = en;
			hasScannedForEncodings = 0;
			knownRegions = (
				en,
				Base,
			);
			mainGroup = 323BFBC3298B107700E9AE20;
			packageReferences = (
				323BFBE6298B10A900E9AE20 /* XCRemoteSwiftPackageReference "SnapKit" */,
				323BFBEC298B10D800E9AE20 /* XCRemoteSwiftPackageReference "RxGesture" */,
				323BFBFC298B28C300E9AE20 /* XCRemoteSwiftPackageReference "Kingfisher" */,
				323BFC08298B38EC00E9AE20 /* XCRemoteSwiftPackageReference "RxSwift" */,
			);
			productRefGroup = 323BFBCD298B107700E9AE20 /* Products */;
			projectDirPath = "";
			projectRoot = "";
			targets = (
				323BFBCB298B107700E9AE20 /* RSSReader */,
			);
		};
/* End PBXProject section */

/* Begin PBXResourcesBuildPhase section */
		323BFBCA298B107700E9AE20 /* Resources */ = {
			isa = PBXResourcesBuildPhase;
			buildActionMask = 2147483647;
			files = (
				323BFBDF298B107800E9AE20 /* LaunchScreen.storyboard in Resources */,
				323BFBDC298B107800E9AE20 /* Assets.xcassets in Resources */,
			);
			runOnlyForDeploymentPostprocessing = 0;
		};
/* End PBXResourcesBuildPhase section */

/* Begin PBXSourcesBuildPhase section */
		323BFBC8298B107700E9AE20 /* Sources */ = {
			isa = PBXSourcesBuildPhase;
			buildActionMask = 2147483647;
			files = (
				323BFC07298B2ED100E9AE20 /* NewsListCellModel.swift in Sources */,
				323BFC03298B2CE800E9AE20 /* BaseCollectionCell.swift in Sources */,
				323BFBF1298B161600E9AE20 /* BaseViewController.swift in Sources */,
				323BFBDA298B107700E9AE20 /* RSSReader.xcdatamodeld in Sources */,
				323BFBD0298B107700E9AE20 /* AppDelegate.swift in Sources */,
				323BFBF5298B164B00E9AE20 /* BaseView.swift in Sources */,
				323BFC10298B425E00E9AE20 /* UIFont+Extensions.swift in Sources */,
				323BFBF8298B16A900E9AE20 /* RxSwift+Extensions.swift in Sources */,
				323BFC35298C68B200E9AE20 /* NewsScreenViewController.swift in Sources */,
				323BFBFB298B18E300E9AE20 /* NewsListViewController.swift in Sources */,
				323BFC01298B2C9700E9AE20 /* NewsListCell.swift in Sources */,
				323BFC05298B2D3400E9AE20 /* Model.swift in Sources */,
				323BFC0E298B3E8D00E9AE20 /* ShadowView.swift in Sources */,
				323BFBD2298B107700E9AE20 /* SceneDelegate.swift in Sources */,
				323BFBF3298B163300E9AE20 /* DisposableController.swift in Sources */,
			);
			runOnlyForDeploymentPostprocessing = 0;
		};
/* End PBXSourcesBuildPhase section */

/* Begin PBXVariantGroup section */
		323BFBDD298B107800E9AE20 /* LaunchScreen.storyboard */ = {
			isa = PBXVariantGroup;
			children = (
				323BFBDE298B107800E9AE20 /* Base */,
			);
			name = LaunchScreen.storyboard;
			sourceTree = "<group>";
		};
/* End PBXVariantGroup section */

/* Begin XCBuildConfiguration section */
		323BFBE1298B107800E9AE20 /* Debug */ = {
			isa = XCBuildConfiguration;
			buildSettings = {
				ALWAYS_SEARCH_USER_PATHS = NO;
				CLANG_ANALYZER_NONNULL = YES;
				CLANG_ANALYZER_NUMBER_OBJECT_CONVERSION = YES_AGGRESSIVE;
				CLANG_CXX_LANGUAGE_STANDARD = "gnu++20";
				CLANG_ENABLE_MODULES = YES;
				CLANG_ENABLE_OBJC_ARC = YES;
				CLANG_ENABLE_OBJC_WEAK = YES;
				CLANG_WARN_BLOCK_CAPTURE_AUTORELEASING = YES;
				CLANG_WARN_BOOL_CONVERSION = YES;
				CLANG_WARN_COMMA = YES;
				CLANG_WARN_CONSTANT_CONVERSION = YES;
				CLANG_WARN_DEPRECATED_OBJC_IMPLEMENTATIONS = YES;
				CLANG_WARN_DIRECT_OBJC_ISA_USAGE = YES_ERROR;
				CLANG_WARN_DOCUMENTATION_COMMENTS = YES;
				CLANG_WARN_EMPTY_BODY = YES;
				CLANG_WARN_ENUM_CONVERSION = YES;
				CLANG_WARN_INFINITE_RECURSION = YES;
				CLANG_WARN_INT_CONVERSION = YES;
				CLANG_WARN_NON_LITERAL_NULL_CONVERSION = YES;
				CLANG_WARN_OBJC_IMPLICIT_RETAIN_SELF = YES;
				CLANG_WARN_OBJC_LITERAL_CONVERSION = YES;
				CLANG_WARN_OBJC_ROOT_CLASS = YES_ERROR;
				CLANG_WARN_QUOTED_INCLUDE_IN_FRAMEWORK_HEADER = YES;
				CLANG_WARN_RANGE_LOOP_ANALYSIS = YES;
				CLANG_WARN_STRICT_PROTOTYPES = YES;
				CLANG_WARN_SUSPICIOUS_MOVE = YES;
				CLANG_WARN_UNGUARDED_AVAILABILITY = YES_AGGRESSIVE;
				CLANG_WARN_UNREACHABLE_CODE = YES;
				CLANG_WARN__DUPLICATE_METHOD_MATCH = YES;
				COPY_PHASE_STRIP = NO;
				DEBUG_INFORMATION_FORMAT = dwarf;
				ENABLE_STRICT_OBJC_MSGSEND = YES;
				ENABLE_TESTABILITY = YES;
				GCC_C_LANGUAGE_STANDARD = gnu11;
				GCC_DYNAMIC_NO_PIC = NO;
				GCC_NO_COMMON_BLOCKS = YES;
				GCC_OPTIMIZATION_LEVEL = 0;
				GCC_PREPROCESSOR_DEFINITIONS = (
					"DEBUG=1",
					"$(inherited)",
				);
				GCC_WARN_64_TO_32_BIT_CONVERSION = YES;
				GCC_WARN_ABOUT_RETURN_TYPE = YES_ERROR;
				GCC_WARN_UNDECLARED_SELECTOR = YES;
				GCC_WARN_UNINITIALIZED_AUTOS = YES_AGGRESSIVE;
				GCC_WARN_UNUSED_FUNCTION = YES;
				GCC_WARN_UNUSED_VARIABLE = YES;
				IPHONEOS_DEPLOYMENT_TARGET = 16.1;
				MTL_ENABLE_DEBUG_INFO = INCLUDE_SOURCE;
				MTL_FAST_MATH = YES;
				ONLY_ACTIVE_ARCH = YES;
				SDKROOT = iphoneos;
				SWIFT_ACTIVE_COMPILATION_CONDITIONS = DEBUG;
				SWIFT_OPTIMIZATION_LEVEL = "-Onone";
			};
			name = Debug;
		};
		323BFBE2298B107800E9AE20 /* Release */ = {
			isa = XCBuildConfiguration;
			buildSettings = {
				ALWAYS_SEARCH_USER_PATHS = NO;
				CLANG_ANALYZER_NONNULL = YES;
				CLANG_ANALYZER_NUMBER_OBJECT_CONVERSION = YES_AGGRESSIVE;
				CLANG_CXX_LANGUAGE_STANDARD = "gnu++20";
				CLANG_ENABLE_MODULES = YES;
				CLANG_ENABLE_OBJC_ARC = YES;
				CLANG_ENABLE_OBJC_WEAK = YES;
				CLANG_WARN_BLOCK_CAPTURE_AUTORELEASING = YES;
				CLANG_WARN_BOOL_CONVERSION = YES;
				CLANG_WARN_COMMA = YES;
				CLANG_WARN_CONSTANT_CONVERSION = YES;
				CLANG_WARN_DEPRECATED_OBJC_IMPLEMENTATIONS = YES;
				CLANG_WARN_DIRECT_OBJC_ISA_USAGE = YES_ERROR;
				CLANG_WARN_DOCUMENTATION_COMMENTS = YES;
				CLANG_WARN_EMPTY_BODY = YES;
				CLANG_WARN_ENUM_CONVERSION = YES;
				CLANG_WARN_INFINITE_RECURSION = YES;
				CLANG_WARN_INT_CONVERSION = YES;
				CLANG_WARN_NON_LITERAL_NULL_CONVERSION = YES;
				CLANG_WARN_OBJC_IMPLICIT_RETAIN_SELF = YES;
				CLANG_WARN_OBJC_LITERAL_CONVERSION = YES;
				CLANG_WARN_OBJC_ROOT_CLASS = YES_ERROR;
				CLANG_WARN_QUOTED_INCLUDE_IN_FRAMEWORK_HEADER = YES;
				CLANG_WARN_RANGE_LOOP_ANALYSIS = YES;
				CLANG_WARN_STRICT_PROTOTYPES = YES;
				CLANG_WARN_SUSPICIOUS_MOVE = YES;
				CLANG_WARN_UNGUARDED_AVAILABILITY = YES_AGGRESSIVE;
				CLANG_WARN_UNREACHABLE_CODE = YES;
				CLANG_WARN__DUPLICATE_METHOD_MATCH = YES;
				COPY_PHASE_STRIP = NO;
				DEBUG_INFORMATION_FORMAT = "dwarf-with-dsym";
				ENABLE_NS_ASSERTIONS = NO;
				ENABLE_STRICT_OBJC_MSGSEND = YES;
				GCC_C_LANGUAGE_STANDARD = gnu11;
				GCC_NO_COMMON_BLOCKS = YES;
				GCC_WARN_64_TO_32_BIT_CONVERSION = YES;
				GCC_WARN_ABOUT_RETURN_TYPE = YES_ERROR;
				GCC_WARN_UNDECLARED_SELECTOR = YES;
				GCC_WARN_UNINITIALIZED_AUTOS = YES_AGGRESSIVE;
				GCC_WARN_UNUSED_FUNCTION = YES;
				GCC_WARN_UNUSED_VARIABLE = YES;
				IPHONEOS_DEPLOYMENT_TARGET = 16.1;
				MTL_ENABLE_DEBUG_INFO = NO;
				MTL_FAST_MATH = YES;
				SDKROOT = iphoneos;
				SWIFT_COMPILATION_MODE = wholemodule;
				SWIFT_OPTIMIZATION_LEVEL = "-O";
				VALIDATE_PRODUCT = YES;
			};
			name = Release;
		};
		323BFBE4298B107800E9AE20 /* Debug */ = {
			isa = XCBuildConfiguration;
			buildSettings = {
				ASSETCATALOG_COMPILER_APPICON_NAME = AppIcon;
				ASSETCATALOG_COMPILER_GLOBAL_ACCENT_COLOR_NAME = AccentColor;
				CODE_SIGN_STYLE = Automatic;
				CURRENT_PROJECT_VERSION = 1;
				DEVELOPMENT_TEAM = 4A93G8UTYB;
				GENERATE_INFOPLIST_FILE = YES;
				INFOPLIST_FILE = RSSReader/Info.plist;
				INFOPLIST_KEY_UIApplicationSupportsIndirectInputEvents = YES;
				INFOPLIST_KEY_UILaunchStoryboardName = LaunchScreen;
				INFOPLIST_KEY_UIMainStoryboardFile = "";
				INFOPLIST_KEY_UISupportedInterfaceOrientations = UIInterfaceOrientationPortrait;
				INFOPLIST_KEY_UISupportedInterfaceOrientations_iPad = "UIInterfaceOrientationLandscapeLeft UIInterfaceOrientationLandscapeRight UIInterfaceOrientationPortrait UIInterfaceOrientationPortraitUpsideDown";
				IPHONEOS_DEPLOYMENT_TARGET = 13.0;
				LD_RUNPATH_SEARCH_PATHS = (
					"$(inherited)",
					"@executable_path/Frameworks",
				);
				MARKETING_VERSION = 1.0;
				PRODUCT_BUNDLE_IDENTIFIER = com.dmitriyveremei.rssreader.RSSReader;
				PRODUCT_NAME = "$(TARGET_NAME)";
				SUPPORTED_PLATFORMS = "iphoneos iphonesimulator";
				SUPPORTS_MACCATALYST = NO;
				SUPPORTS_MAC_DESIGNED_FOR_IPHONE_IPAD = NO;
				SWIFT_EMIT_LOC_STRINGS = YES;
				SWIFT_VERSION = 5.0;
				TARGETED_DEVICE_FAMILY = 1;
			};
			name = Debug;
		};
		323BFBE5298B107800E9AE20 /* Release */ = {
			isa = XCBuildConfiguration;
			buildSettings = {
				ASSETCATALOG_COMPILER_APPICON_NAME = AppIcon;
				ASSETCATALOG_COMPILER_GLOBAL_ACCENT_COLOR_NAME = AccentColor;
				CODE_SIGN_STYLE = Automatic;
				CURRENT_PROJECT_VERSION = 1;
				DEVELOPMENT_TEAM = 4A93G8UTYB;
				GENERATE_INFOPLIST_FILE = YES;
				INFOPLIST_FILE = RSSReader/Info.plist;
				INFOPLIST_KEY_UIApplicationSupportsIndirectInputEvents = YES;
				INFOPLIST_KEY_UILaunchStoryboardName = LaunchScreen;
				INFOPLIST_KEY_UIMainStoryboardFile = "";
				INFOPLIST_KEY_UISupportedInterfaceOrientations = UIInterfaceOrientationPortrait;
				INFOPLIST_KEY_UISupportedInterfaceOrientations_iPad = "UIInterfaceOrientationLandscapeLeft UIInterfaceOrientationLandscapeRight UIInterfaceOrientationPortrait UIInterfaceOrientationPortraitUpsideDown";
				IPHONEOS_DEPLOYMENT_TARGET = 13.0;
				LD_RUNPATH_SEARCH_PATHS = (
					"$(inherited)",
					"@executable_path/Frameworks",
				);
				MARKETING_VERSION = 1.0;
				PRODUCT_BUNDLE_IDENTIFIER = com.dmitriyveremei.rssreader.RSSReader;
				PRODUCT_NAME = "$(TARGET_NAME)";
				SUPPORTED_PLATFORMS = "iphoneos iphonesimulator";
				SUPPORTS_MACCATALYST = NO;
				SUPPORTS_MAC_DESIGNED_FOR_IPHONE_IPAD = NO;
				SWIFT_EMIT_LOC_STRINGS = YES;
				SWIFT_VERSION = 5.0;
				TARGETED_DEVICE_FAMILY = 1;
			};
			name = Release;
		};
/* End XCBuildConfiguration section */

/* Begin XCConfigurationList section */
		323BFBC7298B107700E9AE20 /* Build configuration list for PBXProject "RSSReader" */ = {
			isa = XCConfigurationList;
			buildConfigurations = (
				323BFBE1298B107800E9AE20 /* Debug */,
				323BFBE2298B107800E9AE20 /* Release */,
			);
			defaultConfigurationIsVisible = 0;
			defaultConfigurationName = Release;
		};
		323BFBE3298B107800E9AE20 /* Build configuration list for PBXNativeTarget "RSSReader" */ = {
			isa = XCConfigurationList;
			buildConfigurations = (
				323BFBE4298B107800E9AE20 /* Debug */,
				323BFBE5298B107800E9AE20 /* Release */,
			);
			defaultConfigurationIsVisible = 0;
			defaultConfigurationName = Release;
		};
/* End XCConfigurationList section */

/* Begin XCRemoteSwiftPackageReference section */
		323BFBE6298B10A900E9AE20 /* XCRemoteSwiftPackageReference "SnapKit" */ = {
			isa = XCRemoteSwiftPackageReference;
			repositoryURL = "https://github.com/SnapKit/SnapKit.git";
			requirement = {
				kind = upToNextMajorVersion;
				minimumVersion = 5.0.0;
			};
		};
		323BFBEC298B10D800E9AE20 /* XCRemoteSwiftPackageReference "RxGesture" */ = {
			isa = XCRemoteSwiftPackageReference;
			repositoryURL = "https://github.com/RxSwiftCommunity/RxGesture.git";
			requirement = {
				kind = upToNextMajorVersion;
				minimumVersion = 4.0.0;
			};
		};
		323BFBFC298B28C300E9AE20 /* XCRemoteSwiftPackageReference "Kingfisher" */ = {
			isa = XCRemoteSwiftPackageReference;
			repositoryURL = "https://github.com/onevcat/Kingfisher.git";
			requirement = {
				kind = upToNextMajorVersion;
				minimumVersion = 7.0.0;
			};
		};
		323BFC08298B38EC00E9AE20 /* XCRemoteSwiftPackageReference "RxSwift" */ = {
			isa = XCRemoteSwiftPackageReference;
			repositoryURL = "https://github.com/ReactiveX/RxSwift.git";
			requirement = {
				kind = upToNextMajorVersion;
				minimumVersion = 6.0.0;
			};
		};
/* End XCRemoteSwiftPackageReference section */

/* Begin XCSwiftPackageProductDependency section */
		323BFBE7298B10A900E9AE20 /* SnapKit */ = {
			isa = XCSwiftPackageProductDependency;
			package = 323BFBE6298B10A900E9AE20 /* XCRemoteSwiftPackageReference "SnapKit" */;
			productName = SnapKit;
		};
		323BFBED298B10D800E9AE20 /* RxGesture */ = {
			isa = XCSwiftPackageProductDependency;
			package = 323BFBEC298B10D800E9AE20 /* XCRemoteSwiftPackageReference "RxGesture" */;
			productName = RxGesture;
		};
		323BFBFD298B28C300E9AE20 /* Kingfisher */ = {
			isa = XCSwiftPackageProductDependency;
			package = 323BFBFC298B28C300E9AE20 /* XCRemoteSwiftPackageReference "Kingfisher" */;
			productName = Kingfisher;
		};
		323BFC09298B38EC00E9AE20 /* RxCocoa */ = {
			isa = XCSwiftPackageProductDependency;
			package = 323BFC08298B38EC00E9AE20 /* XCRemoteSwiftPackageReference "RxSwift" */;
			productName = RxCocoa;
		};
		323BFC0B298B38EC00E9AE20 /* RxSwift */ = {
			isa = XCSwiftPackageProductDependency;
			package = 323BFC08298B38EC00E9AE20 /* XCRemoteSwiftPackageReference "RxSwift" */;
			productName = RxSwift;
		};
/* End XCSwiftPackageProductDependency section */

/* Begin XCVersionGroup section */
		323BFBD8298B107700E9AE20 /* RSSReader.xcdatamodeld */ = {
			isa = XCVersionGroup;
			children = (
				323BFBD9298B107700E9AE20 /* RSSReader.xcdatamodel */,
			);
			currentVersion = 323BFBD9298B107700E9AE20 /* RSSReader.xcdatamodel */;
			path = RSSReader.xcdatamodeld;
			sourceTree = "<group>";
			versionGroupType = wrapper.xcdatamodel;
		};
/* End XCVersionGroup section */
	};
	rootObject = 323BFBC4298B107700E9AE20 /* Project object */;
}
